{
  "name": "teamproject_clonecoding-kim-lee-son-",
  "version": "1.0.0",
  "lockfileVersion": 3,
  "requires": true,
  "packages": {
    "": {
      "name": "teamproject_clonecoding-kim-lee-son-",
      "version": "1.0.0",
      "license": "ISC",
      "dependencies": {
        "@ckeditor/ckeditor5-upload": "^41.4.2"
      }
    },
    "node_modules/@ckeditor/ckeditor5-core": {
      "version": "41.4.2",
      "resolved": "https://registry.npmjs.org/@ckeditor/ckeditor5-core/-/ckeditor5-core-41.4.2.tgz",
      "integrity": "sha512-kCIJjviiMNIMBMx7XFXFp1IeTELQKv7xyPJiVFDyUftIfthf9uWty72ipZ3BBNBGBkaoTiSzDZ507EsX6czuIQ==",
      "dependencies": {
        "@ckeditor/ckeditor5-engine": "41.4.2",
        "@ckeditor/ckeditor5-utils": "41.4.2",
        "lodash-es": "4.17.21"
      }
    },
    "node_modules/@ckeditor/ckeditor5-engine": {
      "version": "41.4.2",
      "resolved": "https://registry.npmjs.org/@ckeditor/ckeditor5-engine/-/ckeditor5-engine-41.4.2.tgz",
      "integrity": "sha512-25JqIzNYvCqQ6f02YY+a8A8xtjClzI0YCio0JGoRG3JHJXzYsQbTPsiokuE1BCwMCu3gYoFz8eKJYt2selLsCw==",
      "dependencies": {
        "@ckeditor/ckeditor5-utils": "41.4.2",
        "lodash-es": "4.17.21"
      }
    },
    "node_modules/@ckeditor/ckeditor5-upload": {
      "version": "41.4.2",
      "resolved": "https://registry.npmjs.org/@ckeditor/ckeditor5-upload/-/ckeditor5-upload-41.4.2.tgz",
      "integrity": "sha512-dCNQhZw9QcgGUKlYD8STpgNanNp7ILPMRNoDFW9NWHRKsUpjGMYIU3dsE4f08hkA/bckJ9yBaZc7a0LavOrncw==",
      "dependencies": {
        "@ckeditor/ckeditor5-core": "41.4.2",
        "@ckeditor/ckeditor5-utils": "41.4.2"
      }
    },
    "node_modules/@ckeditor/ckeditor5-utils": {
      "version": "41.4.2",
      "resolved": "https://registry.npmjs.org/@ckeditor/ckeditor5-utils/-/ckeditor5-utils-41.4.2.tgz",
      "integrity": "sha512-VgLr2eLVggyhDqa7H8JUxpnOLTZ0R/YuDZ6ENVUumd9q4VrpNs94ZK0Y/Shp7UmuHQ/sTth+PWTsi+t5KwYqeQ==",
      "dependencies": {
        "lodash-es": "4.17.21"
      }
    },
    "node_modules/lodash-es": {
      "version": "4.17.21",
      "resolved": "https://registry.npmjs.org/lodash-es/-/lodash-es-4.17.21.tgz",
      "integrity": "sha512-mKnC+QJ9pWVzv+C4/U3rRsHapFfHvQFoFB92e52xeyGMcX6/OlIl78je1u8vePzYZSkkogMPJ2yjxxsb89cxyw=="
    }
  }
}
